// !$*UTF8*$!
{
	archiveVersion = 1;
	classes = {
	};
	objectVersion = 46;
	objects = {

/* Begin PBXBuildFile section */
		0C932B5E1DA686770076BBF3 /* ast nodes.swift in Sources */ = {isa = PBXBuildFile; fileRef = 0C932B5D1DA686770076BBF3 /* ast nodes.swift */; };
		0C932B601DA6868D0076BBF3 /* nodes.swift in Sources */ = {isa = PBXBuildFile; fileRef = 0C932B5F1DA6868D0076BBF3 /* nodes.swift */; };
		0C932B621DA686AF0076BBF3 /* OfxAstParser.swift in Sources */ = {isa = PBXBuildFile; fileRef = 0C932B611DA686AF0076BBF3 /* OfxAstParser.swift */; };
		0C932B641DA686CC0076BBF3 /* OfxNodeParser.swift in Sources */ = {isa = PBXBuildFile; fileRef = 0C932B631DA686CC0076BBF3 /* OfxNodeParser.swift */; };
		0C932B661DA686E90076BBF3 /* OfxXmlFormatter.swift in Sources */ = {isa = PBXBuildFile; fileRef = 0C932B651DA686E90076BBF3 /* OfxXmlFormatter.swift */; };
		0CEA3B701D8FE5E300D71FF2 /* main.swift in Sources */ = {isa = PBXBuildFile; fileRef = 0CEA3B6F1D8FE5E300D71FF2 /* main.swift */; };
		0CEA3B771D8FF2D500D71FF2 /* OFXParser.swift in Sources */ = {isa = PBXBuildFile; fileRef = 0CEA3B761D8FF2D500D71FF2 /* OFXParser.swift */; };
		0CEA3B7A1D9000DA00D71FF2 /* sample-file.ofx in CopyFiles */ = {isa = PBXBuildFile; fileRef = 0CEA3B781D8FFF3D00D71FF2 /* sample-file.ofx */; };
/* End PBXBuildFile section */

/* Begin PBXCopyFilesBuildPhase section */
		0CEA3B6A1D8FE5E300D71FF2 /* CopyFiles */ = {
			isa = PBXCopyFilesBuildPhase;
			buildActionMask = 2147483647;
			dstPath = /usr/share/man/man1/;
			dstSubfolderSpec = 0;
			files = (
			);
			runOnlyForDeploymentPostprocessing = 1;
		};
		0CEA3B791D9000CE00D71FF2 /* CopyFiles */ = {
			isa = PBXCopyFilesBuildPhase;
			buildActionMask = 2147483647;
			dstPath = "";
			dstSubfolderSpec = 7;
			files = (
				0CEA3B7A1D9000DA00D71FF2 /* sample-file.ofx in CopyFiles */,
			);
			runOnlyForDeploymentPostprocessing = 0;
		};
/* End PBXCopyFilesBuildPhase section */

/* Begin PBXFileReference section */
		0C932B5D1DA686770076BBF3 /* ast nodes.swift */ = {isa = PBXFileReference; fileEncoding = 4; lastKnownFileType = sourcecode.swift; path = "ast nodes.swift"; sourceTree = "<group>"; };
		0C932B5F1DA6868D0076BBF3 /* nodes.swift */ = {isa = PBXFileReference; fileEncoding = 4; lastKnownFileType = sourcecode.swift; path = nodes.swift; sourceTree = "<group>"; };
		0C932B611DA686AF0076BBF3 /* OfxAstParser.swift */ = {isa = PBXFileReference; fileEncoding = 4; lastKnownFileType = sourcecode.swift; path = OfxAstParser.swift; sourceTree = "<group>"; };
		0C932B631DA686CC0076BBF3 /* OfxNodeParser.swift */ = {isa = PBXFileReference; fileEncoding = 4; lastKnownFileType = sourcecode.swift; path = OfxNodeParser.swift; sourceTree = "<group>"; };
		0C932B651DA686E90076BBF3 /* OfxXmlFormatter.swift */ = {isa = PBXFileReference; fileEncoding = 4; lastKnownFileType = sourcecode.swift; path = OfxXmlFormatter.swift; sourceTree = "<group>"; };
		0CEA3B6C1D8FE5E300D71FF2 /* ofx-ledger-sync */ = {isa = PBXFileReference; explicitFileType = "compiled.mach-o.executable"; includeInIndex = 0; path = "ofx-ledger-sync"; sourceTree = BUILT_PRODUCTS_DIR; };
		0CEA3B6F1D8FE5E300D71FF2 /* main.swift */ = {isa = PBXFileReference; lastKnownFileType = sourcecode.swift; path = main.swift; sourceTree = "<group>"; };
		0CEA3B761D8FF2D500D71FF2 /* OFXParser.swift */ = {isa = PBXFileReference; fileEncoding = 4; lastKnownFileType = sourcecode.swift; path = OFXParser.swift; sourceTree = "<group>"; };
		0CEA3B781D8FFF3D00D71FF2 /* sample-file.ofx */ = {isa = PBXFileReference; fileEncoding = 4; lastKnownFileType = text; path = "sample-file.ofx"; sourceTree = "<group>"; };
/* End PBXFileReference section */

/* Begin PBXFrameworksBuildPhase section */
		0CEA3B691D8FE5E300D71FF2 /* Frameworks */ = {
			isa = PBXFrameworksBuildPhase;
			buildActionMask = 2147483647;
			files = (
			);
			runOnlyForDeploymentPostprocessing = 0;
		};
/* End PBXFrameworksBuildPhase section */

/* Begin PBXGroup section */
		0C932B671DA687A80076BBF3 /* Ofx Parsing */ = {
			isa = PBXGroup;
			children = (
				0C932B651DA686E90076BBF3 /* OfxXmlFormatter.swift */,
				0C932B631DA686CC0076BBF3 /* OfxNodeParser.swift */,
				0C932B611DA686AF0076BBF3 /* OfxAstParser.swift */,
				0C932B5F1DA6868D0076BBF3 /* nodes.swift */,
				0C932B5D1DA686770076BBF3 /* ast nodes.swift */,
			);
			name = "Ofx Parsing";
			sourceTree = "<group>";
		};
		0CEA3B631D8FE5E300D71FF2 = {
			isa = PBXGroup;
			children = (
				0CEA3B6E1D8FE5E300D71FF2 /* ofx-ledger-sync */,
				0CEA3B6D1D8FE5E300D71FF2 /* Products */,
				0CEA3B781D8FFF3D00D71FF2 /* sample-file.ofx */,
			);
			sourceTree = "<group>";
		};
		0CEA3B6D1D8FE5E300D71FF2 /* Products */ = {
			isa = PBXGroup;
			children = (
				0CEA3B6C1D8FE5E300D71FF2 /* ofx-ledger-sync */,
			);
			name = Products;
			sourceTree = "<group>";
		};
		0CEA3B6E1D8FE5E300D71FF2 /* ofx-ledger-sync */ = {
			isa = PBXGroup;
			children = (
				0CEA3B6F1D8FE5E300D71FF2 /* main.swift */,
				0CEA3B761D8FF2D500D71FF2 /* OFXParser.swift */,
				0C932B671DA687A80076BBF3 /* Ofx Parsing */,
			);
			path = "ofx-ledger-sync";
			sourceTree = "<group>";
		};
/* End PBXGroup section */

/* Begin PBXNativeTarget section */
		0CEA3B6B1D8FE5E300D71FF2 /* ofx-ledger-sync */ = {
			isa = PBXNativeTarget;
			buildConfigurationList = 0CEA3B731D8FE5E300D71FF2 /* Build configuration list for PBXNativeTarget "ofx-ledger-sync" */;
			buildPhases = (
				0CEA3B681D8FE5E300D71FF2 /* Sources */,
				0CEA3B691D8FE5E300D71FF2 /* Frameworks */,
				0CEA3B6A1D8FE5E300D71FF2 /* CopyFiles */,
				0CEA3B791D9000CE00D71FF2 /* CopyFiles */,
			);
			buildRules = (
			);
			dependencies = (
			);
			name = "ofx-ledger-sync";
			productName = "ofx-ledger-sync";
			productReference = 0CEA3B6C1D8FE5E300D71FF2 /* ofx-ledger-sync */;
			productType = "com.apple.product-type.tool";
		};
/* End PBXNativeTarget section */

/* Begin PBXProject section */
		0CEA3B641D8FE5E300D71FF2 /* Project object */ = {
			isa = PBXProject;
			attributes = {
				KnownAssetTags = (
					New,
				);
				LastSwiftUpdateCheck = 0800;
				LastUpgradeCheck = 0800;
				ORGANIZATIONNAME = tedslittlerobot;
				TargetAttributes = {
					0CEA3B6B1D8FE5E300D71FF2 = {
						CreatedOnToolsVersion = 8.0;
						ProvisioningStyle = Automatic;
					};
				};
			};
			buildConfigurationList = 0CEA3B671D8FE5E300D71FF2 /* Build configuration list for PBXProject "ofx-ledger-sync" */;
			compatibilityVersion = "Xcode 3.2";
			developmentRegion = English;
			hasScannedForEncodings = 0;
			knownRegions = (
				en,
			);
			mainGroup = 0CEA3B631D8FE5E300D71FF2;
			productRefGroup = 0CEA3B6D1D8FE5E300D71FF2 /* Products */;
			projectDirPath = "";
			projectRoot = "";
			targets = (
				0CEA3B6B1D8FE5E300D71FF2 /* ofx-ledger-sync */,
			);
		};
/* End PBXProject section */

/* Begin PBXSourcesBuildPhase section */
		0CEA3B681D8FE5E300D71FF2 /* Sources */ = {
			isa = PBXSourcesBuildPhase;
			buildActionMask = 2147483647;
			files = (
				0C932B661DA686E90076BBF3 /* OfxXmlFormatter.swift in Sources */,
				0C932B601DA6868D0076BBF3 /* nodes.swift in Sources */,
				0C932B621DA686AF0076BBF3 /* OfxAstParser.swift in Sources */,
				0CEA3B771D8FF2D500D71FF2 /* OFXParser.swift in Sources */,
				0CEA3B701D8FE5E300D71FF2 /* main.swift in Sources */,
				0C932B5E1DA686770076BBF3 /* ast nodes.swift in Sources */,
				0C932B641DA686CC0076BBF3 /* OfxNodeParser.swift in Sources */,
			);
			runOnlyForDeploymentPostprocessing = 0;
		};
/* End PBXSourcesBuildPhase section */

/* Begin XCBuildConfiguration section */
		0CEA3B711D8FE5E300D71FF2 /* Debug */ = {
			isa = XCBuildConfiguration;
			buildSettings = {
				ALWAYS_SEARCH_USER_PATHS = NO;
				CLANG_ANALYZER_NONNULL = YES;
				CLANG_CXX_LANGUAGE_STANDARD = "gnu++0x";
				CLANG_CXX_LIBRARY = "libc++";
				CLANG_ENABLE_MODULES = YES;
				CLANG_ENABLE_OBJC_ARC = YES;
				CLANG_WARN_BOOL_CONVERSION = YES;
				CLANG_WARN_CONSTANT_CONVERSION = YES;
				CLANG_WARN_DIRECT_OBJC_ISA_USAGE = YES_ERROR;
				CLANG_WARN_DOCUMENTATION_COMMENTS = YES;
				CLANG_WARN_EMPTY_BODY = YES;
				CLANG_WARN_ENUM_CONVERSION = YES;
				CLANG_WARN_INFINITE_RECURSION = YES;
				CLANG_WARN_INT_CONVERSION = YES;
				CLANG_WARN_OBJC_ROOT_CLASS = YES_ERROR;
				CLANG_WARN_SUSPICIOUS_MOVES = YES;
				CLANG_WARN_UNREACHABLE_CODE = YES;
				CLANG_WARN__DUPLICATE_METHOD_MATCH = YES;
				CODE_SIGN_IDENTITY = "-";
				COPY_PHASE_STRIP = NO;
				DEBUG_INFORMATION_FORMAT = dwarf;
				ENABLE_STRICT_OBJC_MSGSEND = YES;
				ENABLE_TESTABILITY = YES;
				GCC_C_LANGUAGE_STANDARD = gnu99;
				GCC_DYNAMIC_NO_PIC = NO;
				GCC_NO_COMMON_BLOCKS = YES;
				GCC_OPTIMIZATION_LEVEL = 0;
				GCC_PREPROCESSOR_DEFINITIONS = (
					"DEBUG=1",
					"$(inherited)",
				);
				GCC_WARN_64_TO_32_BIT_CONVERSION = YES;
				GCC_WARN_ABOUT_RETURN_TYPE = YES_ERROR;
				GCC_WARN_UNDECLARED_SELECTOR = YES;
				GCC_WARN_UNINITIALIZED_AUTOS = YES_AGGRESSIVE;
				GCC_WARN_UNUSED_FUNCTION = YES;
				GCC_WARN_UNUSED_VARIABLE = YES;
				MACOSX_DEPLOYMENT_TARGET = 10.11;
				MTL_ENABLE_DEBUG_INFO = YES;
				ONLY_ACTIVE_ARCH = YES;
				SDKROOT = macosx;
				SWIFT_OPTIMIZATION_LEVEL = "-Onone";
			};
			name = Debug;
		};
		0CEA3B721D8FE5E300D71FF2 /* Release */ = {
			isa = XCBuildConfiguration;
			buildSettings = {
				ALWAYS_SEARCH_USER_PATHS = NO;
				CLANG_ANALYZER_NONNULL = YES;
				CLANG_CXX_LANGUAGE_STANDARD = "gnu++0x";
				CLANG_CXX_LIBRARY = "libc++";
				CLANG_ENABLE_MODULES = YES;
				CLANG_ENABLE_OBJC_ARC = YES;
				CLANG_WARN_BOOL_CONVERSION = YES;
				CLANG_WARN_CONSTANT_CONVERSION = YES;
				CLANG_WARN_DIRECT_OBJC_ISA_USAGE = YES_ERROR;
				CLANG_WARN_DOCUMENTATION_COMMENTS = YES;
				CLANG_WARN_EMPTY_BODY = YES;
				CLANG_WARN_ENUM_CONVERSION = YES;
				CLANG_WARN_INFINITE_RECURSION = YES;
				CLANG_WARN_INT_CONVERSION = YES;
				CLANG_WARN_OBJC_ROOT_CLASS = YES_ERROR;
				CLANG_WARN_SUSPICIOUS_MOVES = YES;
				CLANG_WARN_UNREACHABLE_CODE = YES;
				CLANG_WARN__DUPLICATE_METHOD_MATCH = YES;
				CODE_SIGN_IDENTITY = "-";
				COPY_PHASE_STRIP = NO;
				DEBUG_INFORMATION_FORMAT = "dwarf-with-dsym";
				ENABLE_NS_ASSERTIONS = NO;
				ENABLE_STRICT_OBJC_MSGSEND = YES;
				GCC_C_LANGUAGE_STANDARD = gnu99;
				GCC_NO_COMMON_BLOCKS = YES;
				GCC_WARN_64_TO_32_BIT_CONVERSION = YES;
				GCC_WARN_ABOUT_RETURN_TYPE = YES_ERROR;
				GCC_WARN_UNDECLARED_SELECTOR = YES;
				GCC_WARN_UNINITIALIZED_AUTOS = YES_AGGRESSIVE;
				GCC_WARN_UNUSED_FUNCTION = YES;
				GCC_WARN_UNUSED_VARIABLE = YES;
				MACOSX_DEPLOYMENT_TARGET = 10.11;
				MTL_ENABLE_DEBUG_INFO = NO;
				SDKROOT = macosx;
			};
			name = Release;
		};
		0CEA3B741D8FE5E300D71FF2 /* Debug */ = {
			isa = XCBuildConfiguration;
			buildSettings = {
				PRODUCT_NAME = "$(TARGET_NAME)";
				SWIFT_VERSION = 3.0;
			};
			name = Debug;
		};
		0CEA3B751D8FE5E300D71FF2 /* Release */ = {
			isa = XCBuildConfiguration;
			buildSettings = {
				PRODUCT_NAME = "$(TARGET_NAME)";
				SWIFT_VERSION = 3.0;
			};
			name = Release;
		};
/* End XCBuildConfiguration section */

/* Begin XCConfigurationList section */
		0CEA3B671D8FE5E300D71FF2 /* Build configuration list for PBXProject "ofx-ledger-sync" */ = {
			isa = XCConfigurationList;
			buildConfigurations = (
				0CEA3B711D8FE5E300D71FF2 /* Debug */,
				0CEA3B721D8FE5E300D71FF2 /* Release */,
			);
			defaultConfigurationIsVisible = 0;
			defaultConfigurationName = Release;
		};
		0CEA3B731D8FE5E300D71FF2 /* Build configuration list for PBXNativeTarget "ofx-ledger-sync" */ = {
			isa = XCConfigurationList;
			buildConfigurations = (
				0CEA3B741D8FE5E300D71FF2 /* Debug */,
				0CEA3B751D8FE5E300D71FF2 /* Release */,
			);
			defaultConfigurationIsVisible = 0;
			defaultConfigurationName = Release;
		};
/* End XCConfigurationList section */
	};
	rootObject = 0CEA3B641D8FE5E300D71FF2 /* Project object */;
}
